// !$*UTF8*$!
{
	archiveVersion = 1;
	classes = {
	};
	objectVersion = 46;
	objects = {

/* Begin PBXBuildFile section */
		1834D7AB1F1684E5008B3B7E /* AboutScene.sks in Resources */ = {isa = PBXBuildFile; fileRef = 1834D7A51F1684E5008B3B7E /* AboutScene.sks */; };
		1834D7AC1F1684E5008B3B7E /* Actions.sks in Resources */ = {isa = PBXBuildFile; fileRef = 1834D7A61F1684E5008B3B7E /* Actions.sks */; };
		1834D7AF1F1684E5008B3B7E /* MenuScene.sks in Resources */ = {isa = PBXBuildFile; fileRef = 1834D7A91F1684E5008B3B7E /* MenuScene.sks */; };
		1834D7B01F1684E5008B3B7E /* Plok.sks in Resources */ = {isa = PBXBuildFile; fileRef = 1834D7AA1F1684E5008B3B7E /* Plok.sks */; };
		184F1CA01F0C01E100F3B684 /* shoot1.mp3 in Resources */ = {isa = PBXBuildFile; fileRef = 184F1C9D1F0C01E100F3B684 /* shoot1.mp3 */; };
		184F1CA11F0C01E100F3B684 /* shoot2.mp3 in Resources */ = {isa = PBXBuildFile; fileRef = 184F1C9E1F0C01E100F3B684 /* shoot2.mp3 */; };
		184F1CA21F0C01E100F3B684 /* shoot3.mp3 in Resources */ = {isa = PBXBuildFile; fileRef = 184F1C9F1F0C01E100F3B684 /* shoot3.mp3 */; };
		184F1CA51F0C026400F3B684 /* splashSound1.mp3 in Resources */ = {isa = PBXBuildFile; fileRef = 184F1CA31F0C026400F3B684 /* splashSound1.mp3 */; };
		184F1CA61F0C026400F3B684 /* splashSound2.mp3 in Resources */ = {isa = PBXBuildFile; fileRef = 184F1CA41F0C026400F3B684 /* splashSound2.mp3 */; };
		1877A46F1F18217800590966 /* FredokaOne.ttf in Resources */ = {isa = PBXBuildFile; fileRef = 1877A46E1F18217800590966 /* FredokaOne.ttf */; };
		187A3F7C1F0BE14100AE46CC /* AboutViewController.swift in Sources */ = {isa = PBXBuildFile; fileRef = 187A3F7A1F0BE14100AE46CC /* AboutViewController.swift */; };
		187A3F801F0BE5BA00AE46CC /* DoubleFeature21.ttf in Resources */ = {isa = PBXBuildFile; fileRef = 187A3F791F0BE0D700AE46CC /* DoubleFeature21.ttf */; };
		18841AE71F17CE8A00A557EC /* menuSound.mp3 in Resources */ = {isa = PBXBuildFile; fileRef = 18841AE61F17CE8A00A557EC /* menuSound.mp3 */; };
		188584351F2F4B6F00AEDF2C /* GameKit.framework in Frameworks */ = {isa = PBXBuildFile; fileRef = 188584341F2F4B6F00AEDF2C /* GameKit.framework */; };
		18D0B5401F16D92F002FFD70 /* gameOver.mp3 in Resources */ = {isa = PBXBuildFile; fileRef = 18D0B53F1F16D92F002FFD70 /* gameOver.mp3 */; };
		18FD3DF41F17C72700AC2F06 /* Circus.ttf in Resources */ = {isa = PBXBuildFile; fileRef = 18FD3DF31F17C72400AC2F06 /* Circus.ttf */; };
		1F046F0B1F16902C0021DC7C /* GameOverScene.swift in Sources */ = {isa = PBXBuildFile; fileRef = 1F046F0A1F16902C0021DC7C /* GameOverScene.swift */; };
		1F046F0D1F1696240021DC7C /* RemoteSelectionScene.swift in Sources */ = {isa = PBXBuildFile; fileRef = 1F046F0C1F1696240021DC7C /* RemoteSelectionScene.swift */; };
		1F046F0F1F1697630021DC7C /* RemoteSelectionScene.sks in Resources */ = {isa = PBXBuildFile; fileRef = 1F046F0E1F1697630021DC7C /* RemoteSelectionScene.sks */; };
		1F1D9A501F0E817500C202B5 /* Assets.xcassets in Resources */ = {isa = PBXBuildFile; fileRef = 1F1D9A4F1F0E817500C202B5 /* Assets.xcassets */; };
		1F1D9A521F0E821300C202B5 /* GameTimer.swift in Sources */ = {isa = PBXBuildFile; fileRef = 1F1D9A511F0E821300C202B5 /* GameTimer.swift */; };
		1F1E0F561F03C996007B5825 /* AppDelegate.swift in Sources */ = {isa = PBXBuildFile; fileRef = 1F1E0F551F03C996007B5825 /* AppDelegate.swift */; };
		1F1E0F5C1F03C996007B5825 /* Game.xcassets in Resources */ = {isa = PBXBuildFile; fileRef = 1F1E0F5B1F03C996007B5825 /* Game.xcassets */; };
		1F1E0F5E1F03C996007B5825 /* GameScene.swift in Sources */ = {isa = PBXBuildFile; fileRef = 1F1E0F5D1F03C996007B5825 /* GameScene.swift */; };
		1F1E0F601F03C996007B5825 /* GameViewController.swift in Sources */ = {isa = PBXBuildFile; fileRef = 1F1E0F5F1F03C996007B5825 /* GameViewController.swift */; };
		1F1E0F631F03C996007B5825 /* Main.storyboard in Resources */ = {isa = PBXBuildFile; fileRef = 1F1E0F611F03C996007B5825 /* Main.storyboard */; };
		1F1E0F6D1F03CB15007B5825 /* TargetController.swift in Sources */ = {isa = PBXBuildFile; fileRef = 1F1E0F6C1F03CB15007B5825 /* TargetController.swift */; };
		1F5267A31F155B5A0091519C /* MenuScene.swift in Sources */ = {isa = PBXBuildFile; fileRef = 1F5267A21F155B5A0091519C /* MenuScene.swift */; };
		1F7885511F0D13A100F57921 /* PlayersColors.swift in Sources */ = {isa = PBXBuildFile; fileRef = 1F7885501F0D13A100F57921 /* PlayersColors.swift */; };
		1F7885531F0D769900F57921 /* HudController.swift in Sources */ = {isa = PBXBuildFile; fileRef = 1F7885521F0D769900F57921 /* HudController.swift */; };
		1F7885551F0D7BAC00F57921 /* Score.swift in Sources */ = {isa = PBXBuildFile; fileRef = 1F7885541F0D7BAC00F57921 /* Score.swift */; };
		1F7885571F0D7BB600F57921 /* Player.swift in Sources */ = {isa = PBXBuildFile; fileRef = 1F7885561F0D7BB600F57921 /* Player.swift */; };
		1FAEBF4A1F166DFB00590871 /* ButtonsManager.swift in Sources */ = {isa = PBXBuildFile; fileRef = 1FAEBF491F166DFB00590871 /* ButtonsManager.swift */; };
		1FCE9E8F1F140B4C008E535C /* circusSound.mp3 in Resources */ = {isa = PBXBuildFile; fileRef = 1FCE9E8E1F140B4C008E535C /* circusSound.mp3 */; };
		1FCE9E911F14170F008E535C /* MusicManager.swift in Sources */ = {isa = PBXBuildFile; fileRef = 1FCE9E901F14170F008E535C /* MusicManager.swift */; };
		B03601781F0C22940000673A /* Splash.swift in Sources */ = {isa = PBXBuildFile; fileRef = B03601771F0C22940000673A /* Splash.swift */; };
		B0BE7ED31F18846D00007FF5 /* AnimationComponent.swift in Sources */ = {isa = PBXBuildFile; fileRef = B0BE7ED21F18846D00007FF5 /* AnimationComponent.swift */; };
		B0E729F31F13C67B0089DF9F /* AboutScene.swift in Sources */ = {isa = PBXBuildFile; fileRef = B0E729F21F13C67B0089DF9F /* AboutScene.swift */; };
		FEC04C461F17EEFF0032584D /* SpriteComponent.swift in Sources */ = {isa = PBXBuildFile; fileRef = FEC04C381F17EEFF0032584D /* SpriteComponent.swift */; };
		FEC04C471F17EEFF0032584D /* MoveComponent.swift in Sources */ = {isa = PBXBuildFile; fileRef = FEC04C391F17EEFF0032584D /* MoveComponent.swift */; };
		FEC04C491F17EEFF0032584D /* EntityManager.swift in Sources */ = {isa = PBXBuildFile; fileRef = FEC04C3B1F17EEFF0032584D /* EntityManager.swift */; };
		FEC04C4A1F17EEFF0032584D /* TypeComponent.swift in Sources */ = {isa = PBXBuildFile; fileRef = FEC04C3C1F17EEFF0032584D /* TypeComponent.swift */; };
		FEC04C4B1F17EEFF0032584D /* Target.swift in Sources */ = {isa = PBXBuildFile; fileRef = FEC04C3D1F17EEFF0032584D /* Target.swift */; };
		FEC04C4C1F17EEFF0032584D /* PatternInstantiator.swift in Sources */ = {isa = PBXBuildFile; fileRef = FEC04C3E1F17EEFF0032584D /* PatternInstantiator.swift */; };
		FEC04C4D1F17EEFF0032584D /* CGPointExtension.swift in Sources */ = {isa = PBXBuildFile; fileRef = FEC04C3F1F17EEFF0032584D /* CGPointExtension.swift */; };
		FEC04C531F17EEFF0032584D /* TargetComponent.swift in Sources */ = {isa = PBXBuildFile; fileRef = FEC04C451F17EEFF0032584D /* TargetComponent.swift */; };
		FEC04C581F17F1B60032584D /* GameOverScene.sks in Resources */ = {isa = PBXBuildFile; fileRef = FEC04C571F17F1B50032584D /* GameOverScene.sks */; };
		FEC04C5A1F17F1FD0032584D /* GameScene.sks in Resources */ = {isa = PBXBuildFile; fileRef = FEC04C591F17F1FD0032584D /* GameScene.sks */; };
/* End PBXBuildFile section */

/* Begin PBXFileReference section */
		1834D7A51F1684E5008B3B7E /* AboutScene.sks */ = {isa = PBXFileReference; lastKnownFileType = file.sks; path = AboutScene.sks; sourceTree = "<group>"; };
		1834D7A61F1684E5008B3B7E /* Actions.sks */ = {isa = PBXFileReference; lastKnownFileType = file.sks; path = Actions.sks; sourceTree = "<group>"; };
		1834D7A91F1684E5008B3B7E /* MenuScene.sks */ = {isa = PBXFileReference; lastKnownFileType = file.sks; path = MenuScene.sks; sourceTree = "<group>"; };
		1834D7AA1F1684E5008B3B7E /* Plok.sks */ = {isa = PBXFileReference; lastKnownFileType = file.sks; path = Plok.sks; sourceTree = "<group>"; };
		184F1C9D1F0C01E100F3B684 /* shoot1.mp3 */ = {isa = PBXFileReference; lastKnownFileType = audio.mp3; path = shoot1.mp3; sourceTree = "<group>"; };
		184F1C9E1F0C01E100F3B684 /* shoot2.mp3 */ = {isa = PBXFileReference; lastKnownFileType = audio.mp3; path = shoot2.mp3; sourceTree = "<group>"; };
		184F1C9F1F0C01E100F3B684 /* shoot3.mp3 */ = {isa = PBXFileReference; lastKnownFileType = audio.mp3; path = shoot3.mp3; sourceTree = "<group>"; };
		184F1CA31F0C026400F3B684 /* splashSound1.mp3 */ = {isa = PBXFileReference; lastKnownFileType = audio.mp3; path = splashSound1.mp3; sourceTree = "<group>"; };
		184F1CA41F0C026400F3B684 /* splashSound2.mp3 */ = {isa = PBXFileReference; lastKnownFileType = audio.mp3; path = splashSound2.mp3; sourceTree = "<group>"; };
		1877A46E1F18217800590966 /* FredokaOne.ttf */ = {isa = PBXFileReference; lastKnownFileType = file; path = FredokaOne.ttf; sourceTree = "<group>"; };
		187A3F791F0BE0D700AE46CC /* DoubleFeature21.ttf */ = {isa = PBXFileReference; lastKnownFileType = file; path = DoubleFeature21.ttf; sourceTree = "<group>"; };
		187A3F7A1F0BE14100AE46CC /* AboutViewController.swift */ = {isa = PBXFileReference; fileEncoding = 4; lastKnownFileType = sourcecode.swift; path = AboutViewController.swift; sourceTree = "<group>"; };
		18841AE61F17CE8A00A557EC /* menuSound.mp3 */ = {isa = PBXFileReference; lastKnownFileType = audio.mp3; path = menuSound.mp3; sourceTree = "<group>"; };
		188584341F2F4B6F00AEDF2C /* GameKit.framework */ = {isa = PBXFileReference; lastKnownFileType = wrapper.framework; name = GameKit.framework; path = System/Library/Frameworks/GameKit.framework; sourceTree = SDKROOT; };
		18D0B53F1F16D92F002FFD70 /* gameOver.mp3 */ = {isa = PBXFileReference; lastKnownFileType = audio.mp3; path = gameOver.mp3; sourceTree = "<group>"; };
		18FD3DF31F17C72400AC2F06 /* Circus.ttf */ = {isa = PBXFileReference; lastKnownFileType = file; path = Circus.ttf; sourceTree = "<group>"; };
		1F046F0A1F16902C0021DC7C /* GameOverScene.swift */ = {isa = PBXFileReference; fileEncoding = 4; lastKnownFileType = sourcecode.swift; path = GameOverScene.swift; sourceTree = "<group>"; };
		1F046F0C1F1696240021DC7C /* RemoteSelectionScene.swift */ = {isa = PBXFileReference; fileEncoding = 4; lastKnownFileType = sourcecode.swift; path = RemoteSelectionScene.swift; sourceTree = "<group>"; };
		1F046F0E1F1697630021DC7C /* RemoteSelectionScene.sks */ = {isa = PBXFileReference; lastKnownFileType = file.sks; path = RemoteSelectionScene.sks; sourceTree = "<group>"; };
		1F1D9A4F1F0E817500C202B5 /* Assets.xcassets */ = {isa = PBXFileReference; lastKnownFileType = folder.assetcatalog; path = Assets.xcassets; sourceTree = "<group>"; };
		1F1D9A511F0E821300C202B5 /* GameTimer.swift */ = {isa = PBXFileReference; fileEncoding = 4; lastKnownFileType = sourcecode.swift; path = GameTimer.swift; sourceTree = "<group>"; };
		1F1E0F521F03C996007B5825 /* teamAppic.app */ = {isa = PBXFileReference; explicitFileType = wrapper.application; includeInIndex = 0; path = teamAppic.app; sourceTree = BUILT_PRODUCTS_DIR; };
		1F1E0F551F03C996007B5825 /* AppDelegate.swift */ = {isa = PBXFileReference; lastKnownFileType = sourcecode.swift; path = AppDelegate.swift; sourceTree = "<group>"; };
		1F1E0F5B1F03C996007B5825 /* Game.xcassets */ = {isa = PBXFileReference; lastKnownFileType = folder.assetcatalog; path = Game.xcassets; sourceTree = "<group>"; };
		1F1E0F5D1F03C996007B5825 /* GameScene.swift */ = {isa = PBXFileReference; lastKnownFileType = sourcecode.swift; path = GameScene.swift; sourceTree = "<group>"; };
		1F1E0F5F1F03C996007B5825 /* GameViewController.swift */ = {isa = PBXFileReference; lastKnownFileType = sourcecode.swift; path = GameViewController.swift; sourceTree = "<group>"; };
		1F1E0F621F03C996007B5825 /* Base */ = {isa = PBXFileReference; lastKnownFileType = file.storyboard; name = Base; path = Base.lproj/Main.storyboard; sourceTree = "<group>"; };
		1F1E0F661F03C996007B5825 /* Info.plist */ = {isa = PBXFileReference; lastKnownFileType = text.plist.xml; path = Info.plist; sourceTree = "<group>"; };
		1F1E0F6C1F03CB15007B5825 /* TargetController.swift */ = {isa = PBXFileReference; fileEncoding = 4; lastKnownFileType = sourcecode.swift; path = TargetController.swift; sourceTree = "<group>"; };
		1F5267A21F155B5A0091519C /* MenuScene.swift */ = {isa = PBXFileReference; fileEncoding = 4; lastKnownFileType = sourcecode.swift; path = MenuScene.swift; sourceTree = "<group>"; };
		1F7885501F0D13A100F57921 /* PlayersColors.swift */ = {isa = PBXFileReference; fileEncoding = 4; lastKnownFileType = sourcecode.swift; path = PlayersColors.swift; sourceTree = "<group>"; };
		1F7885521F0D769900F57921 /* HudController.swift */ = {isa = PBXFileReference; fileEncoding = 4; lastKnownFileType = sourcecode.swift; path = HudController.swift; sourceTree = "<group>"; };
		1F7885541F0D7BAC00F57921 /* Score.swift */ = {isa = PBXFileReference; fileEncoding = 4; lastKnownFileType = sourcecode.swift; path = Score.swift; sourceTree = "<group>"; };
		1F7885561F0D7BB600F57921 /* Player.swift */ = {isa = PBXFileReference; fileEncoding = 4; lastKnownFileType = sourcecode.swift; path = Player.swift; sourceTree = "<group>"; };
		1FAEBF491F166DFB00590871 /* ButtonsManager.swift */ = {isa = PBXFileReference; fileEncoding = 4; lastKnownFileType = sourcecode.swift; path = ButtonsManager.swift; sourceTree = "<group>"; };
		1FCE9E8E1F140B4C008E535C /* circusSound.mp3 */ = {isa = PBXFileReference; lastKnownFileType = audio.mp3; path = circusSound.mp3; sourceTree = "<group>"; };
		1FCE9E901F14170F008E535C /* MusicManager.swift */ = {isa = PBXFileReference; fileEncoding = 4; lastKnownFileType = sourcecode.swift; path = MusicManager.swift; sourceTree = "<group>"; };
		B03601771F0C22940000673A /* Splash.swift */ = {isa = PBXFileReference; fileEncoding = 4; lastKnownFileType = sourcecode.swift; path = Splash.swift; sourceTree = "<group>"; };
		B0BE7ED21F18846D00007FF5 /* AnimationComponent.swift */ = {isa = PBXFileReference; fileEncoding = 4; lastKnownFileType = sourcecode.swift; path = AnimationComponent.swift; sourceTree = "<group>"; };
		B0E729F21F13C67B0089DF9F /* AboutScene.swift */ = {isa = PBXFileReference; fileEncoding = 4; lastKnownFileType = sourcecode.swift; path = AboutScene.swift; sourceTree = "<group>"; };
		FEC04C381F17EEFF0032584D /* SpriteComponent.swift */ = {isa = PBXFileReference; fileEncoding = 4; lastKnownFileType = sourcecode.swift; path = SpriteComponent.swift; sourceTree = "<group>"; };
		FEC04C391F17EEFF0032584D /* MoveComponent.swift */ = {isa = PBXFileReference; fileEncoding = 4; lastKnownFileType = sourcecode.swift; path = MoveComponent.swift; sourceTree = "<group>"; };
		FEC04C3B1F17EEFF0032584D /* EntityManager.swift */ = {isa = PBXFileReference; fileEncoding = 4; lastKnownFileType = sourcecode.swift; path = EntityManager.swift; sourceTree = "<group>"; };
		FEC04C3C1F17EEFF0032584D /* TypeComponent.swift */ = {isa = PBXFileReference; fileEncoding = 4; lastKnownFileType = sourcecode.swift; path = TypeComponent.swift; sourceTree = "<group>"; };
		FEC04C3D1F17EEFF0032584D /* Target.swift */ = {isa = PBXFileReference; fileEncoding = 4; lastKnownFileType = sourcecode.swift; path = Target.swift; sourceTree = "<group>"; };
		FEC04C3E1F17EEFF0032584D /* PatternInstantiator.swift */ = {isa = PBXFileReference; fileEncoding = 4; lastKnownFileType = sourcecode.swift; path = PatternInstantiator.swift; sourceTree = "<group>"; };
		FEC04C3F1F17EEFF0032584D /* CGPointExtension.swift */ = {isa = PBXFileReference; fileEncoding = 4; lastKnownFileType = sourcecode.swift; path = CGPointExtension.swift; sourceTree = "<group>"; };
		FEC04C451F17EEFF0032584D /* TargetComponent.swift */ = {isa = PBXFileReference; fileEncoding = 4; lastKnownFileType = sourcecode.swift; path = TargetComponent.swift; sourceTree = "<group>"; };
		FEC04C571F17F1B50032584D /* GameOverScene.sks */ = {isa = PBXFileReference; lastKnownFileType = file.sks; path = GameOverScene.sks; sourceTree = "<group>"; };
		FEC04C591F17F1FD0032584D /* GameScene.sks */ = {isa = PBXFileReference; lastKnownFileType = file.sks; path = GameScene.sks; sourceTree = "<group>"; };
/* End PBXFileReference section */

/* Begin PBXFrameworksBuildPhase section */
		1F1E0F4F1F03C995007B5825 /* Frameworks */ = {
			isa = PBXFrameworksBuildPhase;
			buildActionMask = 2147483647;
			files = (
				188584351F2F4B6F00AEDF2C /* GameKit.framework in Frameworks */,
			);
			runOnlyForDeploymentPostprocessing = 0;
		};
/* End PBXFrameworksBuildPhase section */

/* Begin PBXGroup section */
		187A3F741F0BE0C100AE46CC /* Media */ = {
			isa = PBXGroup;
			children = (
				1877A46E1F18217800590966 /* FredokaOne.ttf */,
				187A3F791F0BE0D700AE46CC /* DoubleFeature21.ttf */,
				18FD3DF31F17C72400AC2F06 /* Circus.ttf */,
				18841AE61F17CE8A00A557EC /* menuSound.mp3 */,
				184F1CA31F0C026400F3B684 /* splashSound1.mp3 */,
				184F1CA41F0C026400F3B684 /* splashSound2.mp3 */,
				1FCE9E8E1F140B4C008E535C /* circusSound.mp3 */,
				184F1C9D1F0C01E100F3B684 /* shoot1.mp3 */,
				184F1C9E1F0C01E100F3B684 /* shoot2.mp3 */,
				184F1C9F1F0C01E100F3B684 /* shoot3.mp3 */,
				18D0B53F1F16D92F002FFD70 /* gameOver.mp3 */,
			);
			name = Media;
			sourceTree = "<group>";
		};
		188584331F2F4B6F00AEDF2C /* Frameworks */ = {
			isa = PBXGroup;
			children = (
				188584341F2F4B6F00AEDF2C /* GameKit.framework */,
			);
			name = Frameworks;
			sourceTree = "<group>";
		};
		1F1E0F491F03C995007B5825 = {
			isa = PBXGroup;
			children = (
				1F1E0F541F03C996007B5825 /* teamAppic */,
				1F1E0F531F03C996007B5825 /* Products */,
				188584331F2F4B6F00AEDF2C /* Frameworks */,
			);
			sourceTree = "<group>";
		};
		1F1E0F531F03C996007B5825 /* Products */ = {
			isa = PBXGroup;
			children = (
				1F1E0F521F03C996007B5825 /* teamAppic.app */,
			);
			name = Products;
			sourceTree = "<group>";
		};
		1F1E0F541F03C996007B5825 /* teamAppic */ = {
			isa = PBXGroup;
			children = (
				FEC04C541F17EF300032584D /* Components */,
				FEC04C561F17EF660032584D /* Entities */,
				FEC04C3F1F17EEFF0032584D /* CGPointExtension.swift */,
				1FAEBF491F166DFB00590871 /* ButtonsManager.swift */,
				1F1E0F551F03C996007B5825 /* AppDelegate.swift */,
				B03601771F0C22940000673A /* Splash.swift */,
				1F7885501F0D13A100F57921 /* PlayersColors.swift */,
				1FCE9E901F14170F008E535C /* MusicManager.swift */,
				1F1E0F611F03C996007B5825 /* Main.storyboard */,
				187A3F741F0BE0C100AE46CC /* Media */,
				1F78854D1F0D097900F57921 /* Controllers */,
				1F78854E1F0D098800F57921 /* Scenes */,
				1F1E0F5B1F03C996007B5825 /* Game.xcassets */,
				1F1D9A4F1F0E817500C202B5 /* Assets.xcassets */,
				1F1E0F661F03C996007B5825 /* Info.plist */,
			);
			path = teamAppic;
			sourceTree = "<group>";
		};
		1F78854D1F0D097900F57921 /* Controllers */ = {
			isa = PBXGroup;
			children = (
				1F7885581F0D7BBA00F57921 /* HudController */,
				1F1E0F5F1F03C996007B5825 /* GameViewController.swift */,
				1F1E0F6C1F03CB15007B5825 /* TargetController.swift */,
				187A3F7A1F0BE14100AE46CC /* AboutViewController.swift */,
			);
			name = Controllers;
			sourceTree = "<group>";
		};
		1F78854E1F0D098800F57921 /* Scenes */ = {
			isa = PBXGroup;
			children = (
				1F1E0F5D1F03C996007B5825 /* GameScene.swift */,
				B0E729F21F13C67B0089DF9F /* AboutScene.swift */,
				1F5267A21F155B5A0091519C /* MenuScene.swift */,
				1F046F0C1F1696240021DC7C /* RemoteSelectionScene.swift */,
				1F046F0A1F16902C0021DC7C /* GameOverScene.swift */,
				1F78854F1F0D0C3800F57921 /* Sks */,
			);
			name = Scenes;
			sourceTree = "<group>";
		};
		1F78854F1F0D0C3800F57921 /* Sks */ = {
			isa = PBXGroup;
			children = (
				FEC04C591F17F1FD0032584D /* GameScene.sks */,
				FEC04C571F17F1B50032584D /* GameOverScene.sks */,
				1F046F0E1F1697630021DC7C /* RemoteSelectionScene.sks */,
				1834D7A51F1684E5008B3B7E /* AboutScene.sks */,
				1834D7A61F1684E5008B3B7E /* Actions.sks */,
				1834D7A91F1684E5008B3B7E /* MenuScene.sks */,
				1834D7AA1F1684E5008B3B7E /* Plok.sks */,
			);
			name = Sks;
			sourceTree = "<group>";
		};
		1F7885581F0D7BBA00F57921 /* HudController */ = {
			isa = PBXGroup;
			children = (
				1F7885521F0D769900F57921 /* HudController.swift */,
				1F7885541F0D7BAC00F57921 /* Score.swift */,
				1F7885561F0D7BB600F57921 /* Player.swift */,
				1F1D9A511F0E821300C202B5 /* GameTimer.swift */,
			);
			name = HudController;
			sourceTree = "<group>";
		};
		FEC04C541F17EF300032584D /* Components */ = {
			isa = PBXGroup;
			children = (
				FEC04C381F17EEFF0032584D /* SpriteComponent.swift */,
				FEC04C391F17EEFF0032584D /* MoveComponent.swift */,
				B0BE7ED21F18846D00007FF5 /* AnimationComponent.swift */,
				FEC04C451F17EEFF0032584D /* TargetComponent.swift */,
				FEC04C3C1F17EEFF0032584D /* TypeComponent.swift */,
			);
			name = Components;
			sourceTree = "<group>";
		};
		FEC04C561F17EF660032584D /* Entities */ = {
			isa = PBXGroup;
			children = (
				FEC04C3B1F17EEFF0032584D /* EntityManager.swift */,
				FEC04C3D1F17EEFF0032584D /* Target.swift */,
				FEC04C3E1F17EEFF0032584D /* PatternInstantiator.swift */,
			);
			name = Entities;
			sourceTree = "<group>";
		};
/* End PBXGroup section */

/* Begin PBXNativeTarget section */
		1F1E0F511F03C995007B5825 /* teamAppic */ = {
			isa = PBXNativeTarget;
			buildConfigurationList = 1F1E0F691F03C996007B5825 /* Build configuration list for PBXNativeTarget "teamAppic" */;
			buildPhases = (
				1F1E0F4E1F03C995007B5825 /* Sources */,
				1F1E0F4F1F03C995007B5825 /* Frameworks */,
				1F1E0F501F03C995007B5825 /* Resources */,
			);
			buildRules = (
			);
			dependencies = (
			);
			name = teamAppic;
			productName = teamAppic;
			productReference = 1F1E0F521F03C996007B5825 /* teamAppic.app */;
			productType = "com.apple.product-type.application";
		};
/* End PBXNativeTarget section */

/* Begin PBXProject section */
		1F1E0F4A1F03C995007B5825 /* Project object */ = {
			isa = PBXProject;
			attributes = {
				KnownAssetTags = (
					"com.apple.gamecenter.Dashboard Image",
					com.apple.gamecenter.Leaderboard,
				);
				LastSwiftUpdateCheck = 0830;
				LastUpgradeCheck = 0830;
				ORGANIZATIONNAME = "Rodrigo Maximo";
				TargetAttributes = {
					1F1E0F511F03C995007B5825 = {
						CreatedOnToolsVersion = 8.3.2;
						DevelopmentTeam = 7T8R3N4U6X;
						ProvisioningStyle = Automatic;
						SystemCapabilities = {
							com.apple.GameCenter = {
								enabled = 1;
							};
						};
					};
				};
			};
			buildConfigurationList = 1F1E0F4D1F03C995007B5825 /* Build configuration list for PBXProject "teamAppic" */;
			compatibilityVersion = "Xcode 3.2";
			developmentRegion = English;
			hasScannedForEncodings = 0;
			knownRegions = (
				en,
				Base,
			);
			mainGroup = 1F1E0F491F03C995007B5825;
			productRefGroup = 1F1E0F531F03C996007B5825 /* Products */;
			projectDirPath = "";
			projectRoot = "";
			targets = (
				1F1E0F511F03C995007B5825 /* teamAppic */,
			);
		};
/* End PBXProject section */

/* Begin PBXResourcesBuildPhase section */
		1F1E0F501F03C995007B5825 /* Resources */ = {
			isa = PBXResourcesBuildPhase;
			buildActionMask = 2147483647;
			files = (
				1F1E0F5C1F03C996007B5825 /* Game.xcassets in Resources */,
				18841AE71F17CE8A00A557EC /* menuSound.mp3 in Resources */,
				184F1CA61F0C026400F3B684 /* splashSound2.mp3 in Resources */,
				1FCE9E8F1F140B4C008E535C /* circusSound.mp3 in Resources */,
				1F1D9A501F0E817500C202B5 /* Assets.xcassets in Resources */,
				1F046F0F1F1697630021DC7C /* RemoteSelectionScene.sks in Resources */,
				184F1CA51F0C026400F3B684 /* splashSound1.mp3 in Resources */,
				18D0B5401F16D92F002FFD70 /* gameOver.mp3 in Resources */,
				1877A46F1F18217800590966 /* FredokaOne.ttf in Resources */,
				184F1CA01F0C01E100F3B684 /* shoot1.mp3 in Resources */,
				18FD3DF41F17C72700AC2F06 /* Circus.ttf in Resources */,
				FEC04C581F17F1B60032584D /* GameOverScene.sks in Resources */,
				1834D7AB1F1684E5008B3B7E /* AboutScene.sks in Resources */,
				1834D7AC1F1684E5008B3B7E /* Actions.sks in Resources */,
				187A3F801F0BE5BA00AE46CC /* DoubleFeature21.ttf in Resources */,
				184F1CA11F0C01E100F3B684 /* shoot2.mp3 in Resources */,
				184F1CA21F0C01E100F3B684 /* shoot3.mp3 in Resources */,
				FEC04C5A1F17F1FD0032584D /* GameScene.sks in Resources */,
				1834D7B01F1684E5008B3B7E /* Plok.sks in Resources */,
				1834D7AF1F1684E5008B3B7E /* MenuScene.sks in Resources */,
				1F1E0F631F03C996007B5825 /* Main.storyboard in Resources */,
			);
			runOnlyForDeploymentPostprocessing = 0;
		};
/* End PBXResourcesBuildPhase section */

/* Begin PBXSourcesBuildPhase section */
		1F1E0F4E1F03C995007B5825 /* Sources */ = {
			isa = PBXSourcesBuildPhase;
			buildActionMask = 2147483647;
			files = (
				1F5267A31F155B5A0091519C /* MenuScene.swift in Sources */,
				FEC04C4A1F17EEFF0032584D /* TypeComponent.swift in Sources */,
				187A3F7C1F0BE14100AE46CC /* AboutViewController.swift in Sources */,
				1F1E0F6D1F03CB15007B5825 /* TargetController.swift in Sources */,
				B03601781F0C22940000673A /* Splash.swift in Sources */,
				1F1E0F5E1F03C996007B5825 /* GameScene.swift in Sources */,
				1F046F0B1F16902C0021DC7C /* GameOverScene.swift in Sources */,
				FEC04C4B1F17EEFF0032584D /* Target.swift in Sources */,
				1F7885571F0D7BB600F57921 /* Player.swift in Sources */,
				FEC04C471F17EEFF0032584D /* MoveComponent.swift in Sources */,
				FEC04C4C1F17EEFF0032584D /* PatternInstantiator.swift in Sources */,
				FEC04C491F17EEFF0032584D /* EntityManager.swift in Sources */,
				FEC04C531F17EEFF0032584D /* TargetComponent.swift in Sources */,
				1F1D9A521F0E821300C202B5 /* GameTimer.swift in Sources */,
				1F7885531F0D769900F57921 /* HudController.swift in Sources */,
				1FCE9E911F14170F008E535C /* MusicManager.swift in Sources */,
				1F046F0D1F1696240021DC7C /* RemoteSelectionScene.swift in Sources */,
				B0BE7ED31F18846D00007FF5 /* AnimationComponent.swift in Sources */,
				1FAEBF4A1F166DFB00590871 /* ButtonsManager.swift in Sources */,
				1F1E0F601F03C996007B5825 /* GameViewController.swift in Sources */,
				1F1E0F561F03C996007B5825 /* AppDelegate.swift in Sources */,
				1F7885511F0D13A100F57921 /* PlayersColors.swift in Sources */,
				1F7885551F0D7BAC00F57921 /* Score.swift in Sources */,
				FEC04C4D1F17EEFF0032584D /* CGPointExtension.swift in Sources */,
				FEC04C461F17EEFF0032584D /* SpriteComponent.swift in Sources */,
				B0E729F31F13C67B0089DF9F /* AboutScene.swift in Sources */,
			);
			runOnlyForDeploymentPostprocessing = 0;
		};
/* End PBXSourcesBuildPhase section */

/* Begin PBXVariantGroup section */
		1F1E0F611F03C996007B5825 /* Main.storyboard */ = {
			isa = PBXVariantGroup;
			children = (
				1F1E0F621F03C996007B5825 /* Base */,
			);
			name = Main.storyboard;
			sourceTree = "<group>";
		};
/* End PBXVariantGroup section */

/* Begin XCBuildConfiguration section */
		1F1E0F671F03C996007B5825 /* Debug */ = {
			isa = XCBuildConfiguration;
			buildSettings = {
				ALWAYS_SEARCH_USER_PATHS = NO;
				CLANG_ANALYZER_NONNULL = YES;
				CLANG_ANALYZER_NUMBER_OBJECT_CONVERSION = YES_AGGRESSIVE;
				CLANG_CXX_LANGUAGE_STANDARD = "gnu++0x";
				CLANG_CXX_LIBRARY = "libc++";
				CLANG_ENABLE_MODULES = YES;
				CLANG_ENABLE_OBJC_ARC = YES;
				CLANG_WARN_BOOL_CONVERSION = YES;
				CLANG_WARN_CONSTANT_CONVERSION = YES;
				CLANG_WARN_DIRECT_OBJC_ISA_USAGE = YES_ERROR;
				CLANG_WARN_DOCUMENTATION_COMMENTS = YES;
				CLANG_WARN_EMPTY_BODY = YES;
				CLANG_WARN_ENUM_CONVERSION = YES;
				CLANG_WARN_INFINITE_RECURSION = YES;
				CLANG_WARN_INT_CONVERSION = YES;
				CLANG_WARN_OBJC_ROOT_CLASS = YES_ERROR;
				CLANG_WARN_SUSPICIOUS_MOVE = YES;
				CLANG_WARN_UNREACHABLE_CODE = YES;
				CLANG_WARN__DUPLICATE_METHOD_MATCH = YES;
				COPY_PHASE_STRIP = NO;
				DEBUG_INFORMATION_FORMAT = dwarf;
				ENABLE_STRICT_OBJC_MSGSEND = YES;
				ENABLE_TESTABILITY = YES;
				GCC_C_LANGUAGE_STANDARD = gnu99;
				GCC_DYNAMIC_NO_PIC = NO;
				GCC_NO_COMMON_BLOCKS = YES;
				GCC_OPTIMIZATION_LEVEL = 0;
				GCC_PREPROCESSOR_DEFINITIONS = (
					"DEBUG=1",
					"$(inherited)",
				);
				GCC_WARN_64_TO_32_BIT_CONVERSION = YES;
				GCC_WARN_ABOUT_RETURN_TYPE = YES_ERROR;
				GCC_WARN_UNDECLARED_SELECTOR = YES;
				GCC_WARN_UNINITIALIZED_AUTOS = YES_AGGRESSIVE;
				GCC_WARN_UNUSED_FUNCTION = YES;
				GCC_WARN_UNUSED_VARIABLE = YES;
				MTL_ENABLE_DEBUG_INFO = YES;
				ONLY_ACTIVE_ARCH = YES;
				SDKROOT = appletvos;
				SWIFT_ACTIVE_COMPILATION_CONDITIONS = DEBUG;
				SWIFT_OPTIMIZATION_LEVEL = "-Onone";
				TARGETED_DEVICE_FAMILY = 3;
				TVOS_DEPLOYMENT_TARGET = 10.2;
			};
			name = Debug;
		};
		1F1E0F681F03C996007B5825 /* Release */ = {
			isa = XCBuildConfiguration;
			buildSettings = {
				ALWAYS_SEARCH_USER_PATHS = NO;
				CLANG_ANALYZER_NONNULL = YES;
				CLANG_ANALYZER_NUMBER_OBJECT_CONVERSION = YES_AGGRESSIVE;
				CLANG_CXX_LANGUAGE_STANDARD = "gnu++0x";
				CLANG_CXX_LIBRARY = "libc++";
				CLANG_ENABLE_MODULES = YES;
				CLANG_ENABLE_OBJC_ARC = YES;
				CLANG_WARN_BOOL_CONVERSION = YES;
				CLANG_WARN_CONSTANT_CONVERSION = YES;
				CLANG_WARN_DIRECT_OBJC_ISA_USAGE = YES_ERROR;
				CLANG_WARN_DOCUMENTATION_COMMENTS = YES;
				CLANG_WARN_EMPTY_BODY = YES;
				CLANG_WARN_ENUM_CONVERSION = YES;
				CLANG_WARN_INFINITE_RECURSION = YES;
				CLANG_WARN_INT_CONVERSION = YES;
				CLANG_WARN_OBJC_ROOT_CLASS = YES_ERROR;
				CLANG_WARN_SUSPICIOUS_MOVE = YES;
				CLANG_WARN_UNREACHABLE_CODE = YES;
				CLANG_WARN__DUPLICATE_METHOD_MATCH = YES;
				COPY_PHASE_STRIP = NO;
				DEBUG_INFORMATION_FORMAT = "dwarf-with-dsym";
				ENABLE_NS_ASSERTIONS = NO;
				ENABLE_STRICT_OBJC_MSGSEND = YES;
				GCC_C_LANGUAGE_STANDARD = gnu99;
				GCC_NO_COMMON_BLOCKS = YES;
				GCC_WARN_64_TO_32_BIT_CONVERSION = YES;
				GCC_WARN_ABOUT_RETURN_TYPE = YES_ERROR;
				GCC_WARN_UNDECLARED_SELECTOR = YES;
				GCC_WARN_UNINITIALIZED_AUTOS = YES_AGGRESSIVE;
				GCC_WARN_UNUSED_FUNCTION = YES;
				GCC_WARN_UNUSED_VARIABLE = YES;
				MTL_ENABLE_DEBUG_INFO = NO;
				SDKROOT = appletvos;
				SWIFT_OPTIMIZATION_LEVEL = "-Owholemodule";
				TARGETED_DEVICE_FAMILY = 3;
				TVOS_DEPLOYMENT_TARGET = 10.2;
				VALIDATE_PRODUCT = YES;
			};
			name = Release;
		};
		1F1E0F6A1F03C996007B5825 /* Debug */ = {
			isa = XCBuildConfiguration;
			buildSettings = {
				ASSETCATALOG_COMPILER_APPICON_NAME = "App Icon & Top Shelf Image";
				ASSETCATALOG_COMPILER_LAUNCHIMAGE_NAME = LaunchImage;
				DEVELOPMENT_TEAM = 7T8R3N4U6X;
				INFOPLIST_FILE = teamAppic/Info.plist;
				LD_RUNPATH_SEARCH_PATHS = "$(inherited) @executable_path/Frameworks";
				PRODUCT_BUNDLE_IDENTIFIER = br.org.eldorado.bepid.teamAppic.circuSplash;
				PRODUCT_NAME = "$(TARGET_NAME)";
				SWIFT_VERSION = 3.0;
			};
			name = Debug;
		};
		1F1E0F6B1F03C996007B5825 /* Release */ = {
			isa = XCBuildConfiguration;
			buildSettings = {
				ASSETCATALOG_COMPILER_APPICON_NAME = "App Icon & Top Shelf Image";
				ASSETCATALOG_COMPILER_LAUNCHIMAGE_NAME = LaunchImage;
				DEVELOPMENT_TEAM = 7T8R3N4U6X;
				INFOPLIST_FILE = teamAppic/Info.plist;
				LD_RUNPATH_SEARCH_PATHS = "$(inherited) @executable_path/Frameworks";
				PRODUCT_BUNDLE_IDENTIFIER = br.org.eldorado.bepid.teamAppic.circuSplash;
				PRODUCT_NAME = "$(TARGET_NAME)";
				SWIFT_VERSION = 3.0;
			};
			name = Release;
		};
/* End XCBuildConfiguration section */

/* Begin XCConfigurationList section */
		1F1E0F4D1F03C995007B5825 /* Build configuration list for PBXProject "teamAppic" */ = {
			isa = XCConfigurationList;
			buildConfigurations = (
				1F1E0F671F03C996007B5825 /* Debug */,
				1F1E0F681F03C996007B5825 /* Release */,
			);
			defaultConfigurationIsVisible = 0;
			defaultConfigurationName = Release;
		};
		1F1E0F691F03C996007B5825 /* Build configuration list for PBXNativeTarget "teamAppic" */ = {
			isa = XCConfigurationList;
			buildConfigurations = (
				1F1E0F6A1F03C996007B5825 /* Debug */,
				1F1E0F6B1F03C996007B5825 /* Release */,
			);
			defaultConfigurationIsVisible = 0;
			defaultConfigurationName = Release;
		};
/* End XCConfigurationList section */
	};
	rootObject = 1F1E0F4A1F03C995007B5825 /* Project object */;
}
